# @generated - this file is auto-generated by `mise lock` https://mise.jdx.dev/dev-tools/mise-lock.html

[[tools.age]]
version = "1.2.1"
backend = "aqua:FiloSottile/age"

[tools.age."platforms.linux-arm64"]
url = "https://github.com/FiloSottile/age/releases/download/v1.2.1/age-v1.2.1-linux-arm64.tar.gz"
url_api = "https://api.github.com/repos/FiloSottile/age/releases/assets/214229067"

[tools.age."platforms.linux-arm64-musl"]
url = "https://github.com/FiloSottile/age/releases/download/v1.2.1/age-v1.2.1-linux-arm64.tar.gz"
url_api = "https://api.github.com/repos/FiloSottile/age/releases/assets/214229067"

[tools.age."platforms.linux-x64"]
checksum = "blake3:8441277927f75428a6d22897a5cc05e8cdc03562d7a203b2bb9a7c6cd1d0c3bd"
url = "https://github.com/FiloSottile/age/releases/download/v1.2.1/age-v1.2.1-linux-amd64.tar.gz"
url_api = "https://api.github.com/repos/FiloSottile/age/releases/assets/214229061"

[tools.age."platforms.linux-x64-musl"]
url = "https://github.com/FiloSottile/age/releases/download/v1.2.1/age-v1.2.1-linux-amd64.tar.gz"
url_api = "https://api.github.com/repos/FiloSottile/age/releases/assets/214229061"

[tools.age."platforms.macos-arm64"]
url = "https://github.com/FiloSottile/age/releases/download/v1.2.1/age-v1.2.1-darwin-arm64.tar.gz"
url_api = "https://api.github.com/repos/FiloSottile/age/releases/assets/214229063"

[tools.age."platforms.macos-x64"]
url = "https://github.com/FiloSottile/age/releases/download/v1.2.1/age-v1.2.1-darwin-amd64.tar.gz"
url_api = "https://api.github.com/repos/FiloSottile/age/releases/assets/214229064"

[tools.age."platforms.windows-x64"]
url = "https://github.com/FiloSottile/age/releases/download/v1.2.1/age-v1.2.1-windows-amd64.zip"
url_api = "https://api.github.com/repos/FiloSottile/age/releases/assets/214229068"

[[tools.fnox]]
version = "1.33.0"
backend = "github:jdx/fnox"

[tools.fnox."platforms.linux-arm64"]
checksum = "sha256:a7ac3a996d1dacc68bb795f252e89fe0a4a6a56e3cfa6188c10978f950f5532e"
url = "https://github.com/jdx/fnox/releases/download/v1.33.0/fnox-aarch64-unknown-linux-gnu.tar.gz"
url_api = "https://api.github.com/repos/jdx/fnox/releases/assets/507397658"
provenance = "github-attestations"

[tools.fnox."platforms.linux-arm64-musl"]
checksum = "sha256:eccecb4ac6ef66ca003bcb43431518cfdbc357abbcf3b5b6f32f96bf47187969"
url = "https://github.com/jdx/fnox/releases/download/v1.33.0/fnox-aarch64-unknown-linux-musl.tar.gz"
url_api = "https://api.github.com/repos/jdx/fnox/releases/assets/507397655"
provenance = "github-attestations"

[tools.fnox."platforms.linux-x64"]
checksum = "sha256:f1248d5c721daae2dca440c278396de1e6ebddc3d5f1f427a958115f3a1d97e7"
url = "https://github.com/jdx/fnox/releases/download/v1.33.0/fnox-x86_64-unknown-linux-gnu.tar.gz"
url_api = "https://api.github.com/repos/jdx/fnox/releases/assets/507397683"
provenance = "github-attestations"

[tools.fnox."platforms.linux-x64-musl"]
checksum = "sha256:730fa4e79c2270f873fb883018909f6945cddd86cf745a9b8feed39fa7553a10"
url = "https://github.com/jdx/fnox/releases/download/v1.33.0/fnox-x86_64-unknown-linux-musl.tar.gz"
url_api = "https://api.github.com/repos/jdx/fnox/releases/assets/507397684"
provenance = "github-attestations"

[tools.fnox."platforms.macos-arm64"]
checksum = "sha256:282046a3b760b623cd41ee4dcd9aba73a6b54474b2d4ea033b25a39f7c7b5fa7"
url = "https://github.com/jdx/fnox/releases/download/v1.33.0/fnox-aarch64-apple-darwin.tar.gz"
url_api = "https://api.github.com/repos/jdx/fnox/releases/assets/507397661"
provenance = "github-attestations"

[tools.fnox."platforms.macos-x64"]
checksum = "sha256:4b1af1d3a960de3a14a8cf6bf9f66670cfeadd6ab41c18f96e2ffc1240c45691"
url = "https://github.com/jdx/fnox/releases/download/v1.33.0/fnox-x86_64-apple-darwin.tar.gz"
url_api = "https://api.github.com/repos/jdx/fnox/releases/assets/507397660"
provenance = "github-attestations"

[tools.fnox."platforms.windows-x64"]
checksum = "sha256:e185feb2d126866d1f22e66483762662a2ce7d391a13ac5791675c98b282bc35"
url = "https://github.com/jdx/fnox/releases/download/v1.33.0/fnox-x86_64-pc-windows-msvc.zip"
url_api = "https://api.github.com/repos/jdx/fnox/releases/assets/507397674"
provenance = "github-attestations"

[[tools.hadolint]]
version = "2.14.0"
backend = "aqua:hadolint/hadolint"

[tools.hadolint."platforms.linux-arm64"]
checksum = "sha256:331f1d3511b84a4f1e3d18d52fec284723e4019552f4f47b19322a53ce9a40ed"
url = "https://github.com/hadolint/hadolint/releases/download/v2.14.0/hadolint-linux-arm64"
url_api = "https://api.github.com/repos/hadolint/hadolint/releases/assets/295944081"

[tools.hadolint."platforms.linux-arm64-musl"]
checksum = "sha256:331f1d3511b84a4f1e3d18d52fec284723e4019552f4f47b19322a53ce9a40ed"
url = "https://github.com/hadolint/hadolint/releases/download/v2.14.0/hadolint-linux-arm64"
url_api = "https://api.github.com/repos/hadolint/hadolint/releases/assets/295944081"

[tools.hadolint."platforms.linux-x64"]
checksum = "sha256:6bf226944684f56c84dd014e8b979d27425c0148f61b3bd99bcc6f39e9dc5a47"
url = "https://github.com/hadolint/hadolint/releases/download/v2.14.0/hadolint-linux-x86_64"
url_api = "https://api.github.com/repos/hadolint/hadolint/releases/assets/295944080"

[tools.hadolint."platforms.linux-x64-musl"]
checksum = "sha256:6bf226944684f56c84dd014e8b979d27425c0148f61b3bd99bcc6f39e9dc5a47"
url = "https://github.com/hadolint/hadolint/releases/download/v2.14.0/hadolint-linux-x86_64"
url_api = "https://api.github.com/repos/hadolint/hadolint/releases/assets/295944080"

[tools.hadolint."platforms.macos-arm64"]
checksum = "sha256:3625e2e9f43dcfe7bd38738a5f5520ed50ce39ed28485266e6803dd7bc197b10"
url = "https://github.com/hadolint/hadolint/releases/download/v2.14.0/hadolint-macos-arm64"
url_api = "https://api.github.com/repos/hadolint/hadolint/releases/assets/295944077"

[tools.hadolint."platforms.macos-x64"]
checksum = "sha256:2b69a853433f1eca522ffb921cd490bd1321424d03331fd8390f93b7fb4a02e9"
url = "https://github.com/hadolint/hadolint/releases/download/v2.14.0/hadolint-macos-x86_64"
url_api = "https://api.github.com/repos/hadolint/hadolint/releases/assets/295944082"

[tools.hadolint."platforms.windows-x64"]
checksum = "sha256:8e0ee174f88edb14f207a68430c7a53c2883ed509cdbde9a3a26fffa140fa5e4"
url = "https://github.com/hadolint/hadolint/releases/download/v2.14.0/hadolint-windows-x86_64.exe"
url_api = "https://api.github.com/repos/hadolint/hadolint/releases/assets/295944079"

[[tools.hk]]
version = "1.54.1"
backend = "aqua:jdx/hk"

[tools.hk."platforms.linux-arm64"]
checksum = "sha256:e00420ef742e2e222c2030253a8fa868033daf43fe670de17c2e6957dc577443"
url = "https://github.com/jdx/hk/releases/download/v1.54.1/hk-aarch64-unknown-linux-gnu.tar.gz"
url_api = "https://api.github.com/repos/jdx/hk/releases/assets/505018166"

[tools.hk."platforms.linux-arm64-musl"]
checksum = "sha256:a98f4e8d97bc4e07bef4528201f3dced2b2a9b3881ced92d0d38935a89b7ecfa"
url = "https://github.com/jdx/hk/releases/download/v1.54.1/hk-aarch64-unknown-linux-musl.tar.gz"
url_api = "https://api.github.com/repos/jdx/hk/releases/assets/505018162"

[tools.hk."platforms.linux-x64"]
checksum = "sha256:20775cfb4e8065aa25e790d888856d4d62cc2e688725c010f8a5fc112aa759b5"
url = "https://github.com/jdx/hk/releases/download/v1.54.1/hk-x86_64-unknown-linux-gnu.tar.gz"
url_api = "https://api.github.com/repos/jdx/hk/releases/assets/505018180"

[tools.hk."platforms.linux-x64-musl"]
checksum = "sha256:a78ee242f310d329843b36e41766df9b45ef29609c7424a6d84244b278f8cb3d"
url = "https://github.com/jdx/hk/releases/download/v1.54.1/hk-x86_64-unknown-linux-musl.tar.gz"
url_api = "https://api.github.com/repos/jdx/hk/releases/assets/505018181"

[tools.hk."platforms.macos-arm64"]
checksum = "sha256:8384262050e5f523c58af9e23cd92e2274e38cf95b4e72cf66f63545afa149b2"
url = "https://github.com/jdx/hk/releases/download/v1.54.1/hk-aarch64-apple-darwin.tar.gz"
url_api = "https://api.github.com/repos/jdx/hk/releases/assets/505018164"

[tools.hk."platforms.windows-x64"]
checksum = "sha256:32c28a6ec024ddfd59482334f0225f6e6c5202fdb3a5fdc74f3c987a1fd08007"
url = "https://github.com/jdx/hk/releases/download/v1.54.1/hk-x86_64-pc-windows-msvc.zip"
url_api = "https://api.github.com/repos/jdx/hk/releases/assets/505018165"

[[tools.pinact]]
version = "3.4.2"
backend = "aqua:suzuki-shunsuke/pinact"

[tools.pinact."platforms.linux-arm64"]
checksum = "sha256:cf109ed679276d60414366719ea721744f75f7e27f6f7b8394c66f3412f86a64"
url = "https://github.com/suzuki-shunsuke/pinact/releases/download/v3.4.2/pinact_linux_arm64.tar.gz"
url_api = "https://api.github.com/repos/suzuki-shunsuke/pinact/releases/assets/283577988"
provenance = "github-attestations"

[tools.pinact."platforms.linux-arm64-musl"]
checksum = "sha256:cf109ed679276d60414366719ea721744f75f7e27f6f7b8394c66f3412f86a64"
url = "https://github.com/suzuki-shunsuke/pinact/releases/download/v3.4.2/pinact_linux_arm64.tar.gz"
url_api = "https://api.github.com/repos/suzuki-shunsuke/pinact/releases/assets/283577988"
provenance = "github-attestations"

[tools.pinact."platforms.linux-x64"]
checksum = "sha256:cf2f26ff37f195fadb7e5368cd618733107f7ea92c808ca4256521fc4bd6ea4f"
url = "https://github.com/suzuki-shunsuke/pinact/releases/download/v3.4.2/pinact_linux_amd64.tar.gz"
url_api = "https://api.github.com/repos/suzuki-shunsuke/pinact/releases/assets/283577985"
provenance = "github-attestations"

[tools.pinact."platforms.linux-x64-musl"]
checksum = "sha256:cf2f26ff37f195fadb7e5368cd618733107f7ea92c808ca4256521fc4bd6ea4f"
url = "https://github.com/suzuki-shunsuke/pinact/releases/download/v3.4.2/pinact_linux_amd64.tar.gz"
url_api = "https://api.github.com/repos/suzuki-shunsuke/pinact/releases/assets/283577985"
provenance = "github-attestations"

[tools.pinact."platforms.macos-arm64"]
checksum = "sha256:354811a84886c99422269b39deec399c8a42ce97fcf2e586c4f2f6b57e1e63ee"
url = "https://github.com/suzuki-shunsuke/pinact/releases/download/v3.4.2/pinact_darwin_arm64.tar.gz"
url_api = "https://api.github.com/repos/suzuki-shunsuke/pinact/releases/assets/283577983"
provenance = "github-attestations"

[tools.pinact."platforms.macos-x64"]
checksum = "sha256:5e2a94bc37bdaef84f409b0b811f4e56ebfffae227624b86d58a172085ab73aa"
url = "https://github.com/suzuki-shunsuke/pinact/releases/download/v3.4.2/pinact_darwin_amd64.tar.gz"
url_api = "https://api.github.com/repos/suzuki-shunsuke/pinact/releases/assets/283577979"
provenance = "github-attestations"

[tools.pinact."platforms.windows-x64"]
checksum = "sha256:34715e03474bd94e9a873450771a0e78b369f17dba580e7134c19728bfba5846"
url = "https://github.com/suzuki-shunsuke/pinact/releases/download/v3.4.2/pinact_windows_amd64.zip"
url_api = "https://api.github.com/repos/suzuki-shunsuke/pinact/releases/assets/283577991"
provenance = "github-attestations"

[[tools.pitchfork]]
version = "2.21.0"
backend = "aqua:jdx/pitchfork"

[tools.pitchfork."platforms.linux-arm64"]
checksum = "sha256:aa05b24c0ffdcc8d7421285a6a9a32951b50d90911a286f362fecf9cf4211402"
url = "https://github.com/jdx/pitchfork/releases/download/v2.21.0/pitchfork-aarch64-unknown-linux-gnu.tar.gz"
url_api = "https://api.github.com/repos/jdx/pitchfork/releases/assets/508634504"

[tools.pitchfork."platforms.linux-x64"]
checksum = "sha256:aedb05279060ee4a3d786dda98d14e7662d3b7bba01fee70309796f9e04c2588"
url = "https://github.com/jdx/pitchfork/releases/download/v2.21.0/pitchfork-x86_64-unknown-linux-gnu.tar.gz"
url_api = "https://api.github.com/repos/jdx/pitchfork/releases/assets/508633425"

[tools.pitchfork."platforms.macos-arm64"]
checksum = "sha256:808111e3c6b4c72407be627449e91cb0fc8c315aa950aca584743be896cf8e78"
url = "https://github.com/jdx/pitchfork/releases/download/v2.21.0/pitchfork-aarch64-apple-darwin.tar.gz"
url_api = "https://api.github.com/repos/jdx/pitchfork/releases/assets/508636197"

[tools.pitchfork."platforms.windows-x64"]
checksum = "sha256:55d73c1aab3cbd69c7737db462a0ec6ae04933ecfbca48993e5d73909540f15f"
url = "https://github.com/jdx/pitchfork/releases/download/v2.21.0/pitchfork-x86_64-pc-windows-msvc.zip"
url_api = "https://api.github.com/repos/jdx/pitchfork/releases/assets/508640979"

[[tools.pkl]]
version = "0.32.1"
backend = "aqua:apple/pkl"

[tools.pkl."platforms.linux-arm64"]
checksum = "sha256:a76d2dd47da435a8f911b0347373f47c7e59ea54fb75ff846d20b8df10dba058"
url = "https://github.com/apple/pkl/releases/download/0.32.1/pkl-linux-aarch64"
url_api = "https://api.github.com/repos/apple/pkl/releases/assets/487426568"

[tools.pkl."platforms.linux-arm64-musl"]
checksum = "sha256:a76d2dd47da435a8f911b0347373f47c7e59ea54fb75ff846d20b8df10dba058"
url = "https://github.com/apple/pkl/releases/download/0.32.1/pkl-linux-aarch64"
url_api = "https://api.github.com/repos/apple/pkl/releases/assets/487426568"

[tools.pkl."platforms.linux-x64"]
checksum = "sha256:3180b62da95c0cad1d904e9bb6c5f4a8f9032413c21e53194bb91ff1ee5f3211"
url = "https://github.com/apple/pkl/releases/download/0.32.1/pkl-linux-amd64"
url_api = "https://api.github.com/repos/apple/pkl/releases/assets/487426567"

[tools.pkl."platforms.linux-x64-musl"]
checksum = "sha256:3180b62da95c0cad1d904e9bb6c5f4a8f9032413c21e53194bb91ff1ee5f3211"
url = "https://github.com/apple/pkl/releases/download/0.32.1/pkl-linux-amd64"
url_api = "https://api.github.com/repos/apple/pkl/releases/assets/487426567"

[tools.pkl."platforms.macos-arm64"]
checksum = "sha256:563eb51c9a20b16a3625464ed745c675ed9750381f2126722696a0d7cac1d9d3"
url = "https://github.com/apple/pkl/releases/download/0.32.1/pkl-macos-aarch64"
url_api = "https://api.github.com/repos/apple/pkl/releases/assets/487426570"

[tools.pkl."platforms.macos-x64"]
checksum = "sha256:5b74b903234047960144f66f2cebdd12d267d9b98e8155ed91d2ae5ed27e2d1f"
url = "https://github.com/apple/pkl/releases/download/0.32.1/pkl-macos-amd64"
url_api = "https://api.github.com/repos/apple/pkl/releases/assets/487426599"

[tools.pkl."platforms.windows-x64"]
checksum = "sha256:8550a00fcf027335e42c5e2cd553b88e98845408cb1880b3e3d1860caf46d22a"
url = "https://github.com/apple/pkl/releases/download/0.32.1/pkl-windows-amd64.exe"
url_api = "https://api.github.com/repos/apple/pkl/releases/assets/487426668"
